
Microsoft Visual Studio Solution File, Format Version 12.00
# Visual Studio Version 16
VisualStudioVersion = 16.0.30717.126
MinimumVisualStudioVersion = 10.0.40219.1
Project("{FAE04EC0-301F-11D3-BF4B-00C04F79EFBC}") = "IISAppManagement", "IISAppManagement\IISAppManagement.csproj", "{A1FF9452-3509-4774-96CC-E7034E9FC13E}"
EndProject
Global
	GlobalSection(SolutionConfigurationPlatforms) = preSolution
		Debug|Any CPU = Debug|Any CPU
		Release|Any CPU = Release|Any CPU
	EndGlobalSection
	GlobalSection(ProjectConfigurationPlatforms) = postSolution
		{A1FF9452-3509-4774-96CC-E7034E9FC13E}.Debug|Any CPU.ActiveCfg = Debug|Any CPU
		{A1FF9452-3509-4774-96CC-E7034E9FC13E}.Debug|Any CPU.Build.0 = Debug|Any CPU
		{A1FF9452-3509-4774-96CC-E7034E9FC13E}.Release|Any CPU.ActiveCfg = Release|Any CPU
		{A1FF9452-3509-4774-96CC-E7034E9FC13E}.Release|Any CPU.Build.0 = Release|Any CPU
	EndGlobalSection
	GlobalSection(SolutionProperties) = preSolution
		HideSolutionNode = FALSE
	EndGlobalSection
	GlobalSection(ExtensibilityGlobals) = postSolution
		SolutionGuid = {A8A0451B-12AC-481F-94C7-41EA56178DBF}
	EndGlobalSection
EndGlobal
